
Microsoft Visual Studio Solution File, Format Version 12.00
# Visual Studio Version 16
VisualStudioVersion = 16.0.30320.27
MinimumVisualStudioVersion = 10.0.40219.1
Project("{FAE04EC0-301F-11D3-BF4B-00C04F79EFBC}") = "TayBot", "TayBot\TayBot.csproj", "{BA3F697A-8D53-409F-A126-DFF8D022E8BE}"
EndProject
Global
	GlobalSection(SolutionConfigurationPlatforms) = preSolution
		Debug|Any CPU = Debug|Any CPU
		Release|Any CPU = Release|Any CPU
	EndGlobalSection
	GlobalSection(ProjectConfigurationPlatforms) = postSolution
		{BA3F697A-8D53-409F-A126-DFF8D022E8BE}.Debug|Any CPU.ActiveCfg = Debug|Any CPU
		{BA3F697A-8D53-409F-A126-DFF8D022E8BE}.Debug|Any CPU.Build.0 = Debug|Any CPU
		{BA3F697A-8D53-409F-A126-DFF8D022E8BE}.Release|Any CPU.ActiveCfg = Release|Any CPU
		{BA3F697A-8D53-409F-A126-DFF8D022E8BE}.Release|Any CPU.Build.0 = Release|Any CPU
	EndGlobalSection
	GlobalSection(SolutionProperties) = preSolution
		HideSolutionNode = FALSE
	EndGlobalSection
	GlobalSection(ExtensibilityGlobals) = postSolution
		SolutionGuid = {163CEDCF-F95B-4017-B917-C7960249B411}
	EndGlobalSection
EndGlobal
